# This file was autogenerated by Stack.
# You should not edit this file by hand.
# For more information, please see the documentation at:
#   https://docs.haskellstack.org/en/stable/lock_files

packages:
- completed:
    hackage: wx-0.92.3.0@sha256:c4685d4f1fcb92e279409eb9455bef41cbd336d0b557040a6966bcf4881124a1,1825
    pantry-tree:
      size: 1265
      sha256: 16f1b0dfdd3a77850e3ce5418559f2620b41efbb476065328385215cb219b170
  original:
    hackage: wx-0.92.3.0@sha256:c4685d4f1fcb92e279409eb9455bef41cbd336d0b557040a6966bcf4881124a1,1825
- completed:
    hackage: wxc-0.92.3.0@sha256:a42d1650704f9fb515f0fcb0fee8c21aa21c50019f5ada7ab875ead6ce29f8b1,8205
    pantry-tree:
      size: 8633
      sha256: 7348e109d4f09051ea7e03d8e56e5fc9665f7a09b71fde32e4fb6cf08c174552
  original:
    hackage: wxc-0.92.3.0@sha256:a42d1650704f9fb515f0fcb0fee8c21aa21c50019f5ada7ab875ead6ce29f8b1,8205
- completed:
    hackage: wxcore-0.92.3.0@sha256:266a9080542a1de472dcf1df707cc304b9be8066411ebfdfa6adfea6c11769b3,2705
    pantry-tree:
      size: 2072
      sha256: 65a59f4000d34fab0b56bb4123db096e166b0776927226135e87f14e9287e6bd
  original:
    hackage: wxcore-0.92.3.0@sha256:266a9080542a1de472dcf1df707cc304b9be8066411ebfdfa6adfea6c11769b3,2705
- completed:
    hackage: wxdirect-0.92.3.0@sha256:7533e84784560be0313b5940227870ea105975d581eab5b6ad5e8219d82dfaff,1740
    pantry-tree:
      size: 923
      sha256: ba55121b684d5138ba6ad188d7f9e39956e8b2091cb92a011bc03c477e486548
  original:
    hackage: wxdirect-0.92.3.0@sha256:7533e84784560be0313b5940227870ea105975d581eab5b6ad5e8219d82dfaff,1740
snapshots:
- completed:
    size: 514901
    url: https://raw.githubusercontent.com/commercialhaskell/stackage-snapshots/master/lts/8/16.yaml
    sha256: ca3576aa4c75697c13b35f14a9033b1080d625141288f38493c0c53f67b61272
  original:
    url: https://raw.githubusercontent.com/commercialhaskell/stackage-snapshots/master/lts/8/16.yaml
